// !$*UTF8*$!
{
	archiveVersion = 1;
	classes = {
	};
	objectVersion = 56;
	objects = {

/* Begin PBXBuildFile section */
		9608BCBF2B177AD900B711CF /* App.swift in Sources */ = {isa = PBXBuildFile; fileRef = 9608BCBE2B177AD900B711CF /* App.swift */; };
		9608BCC62B177AFF00B711CF /* Collection+.swift in Sources */ = {isa = PBXBuildFile; fileRef = 9608BCC52B177AFF00B711CF /* Collection+.swift */; };
		9608BCC82B177E5600B711CF /* Body.swift in Sources */ = {isa = PBXBuildFile; fileRef = 9608BCC72B177E5600B711CF /* Body.swift */; };
		9608BCCA2B177E6700B711CF /* Thread.swift in Sources */ = {isa = PBXBuildFile; fileRef = 9608BCC92B177E6700B711CF /* Thread.swift */; };
		9608BCCC2B177F9300B711CF /* Frame.swift in Sources */ = {isa = PBXBuildFile; fileRef = 9608BCCB2B177F9300B711CF /* Frame.swift */; };
		9608BCCE2B17812800B711CF /* Image.swift in Sources */ = {isa = PBXBuildFile; fileRef = 9608BCCD2B17812800B711CF /* Image.swift */; };
		9608BCD02B178E7900B711CF /* OSVersion.swift in Sources */ = {isa = PBXBuildFile; fileRef = 9608BCCF2B178E7900B711CF /* OSVersion.swift */; };
		9608BCD22B178EFF00B711CF /* BundleInfo.swift in Sources */ = {isa = PBXBuildFile; fileRef = 9608BCD12B178EFF00B711CF /* BundleInfo.swift */; };
		9608BCD42B178F4400B711CF /* StoreInfo.swift in Sources */ = {isa = PBXBuildFile; fileRef = 9608BCD32B178F4400B711CF /* StoreInfo.swift */; };
		9608BCD62B17900000B711CF /* InstructionByteStream.swift in Sources */ = {isa = PBXBuildFile; fileRef = 9608BCD52B17900000B711CF /* InstructionByteStream.swift */; };
		9608BCD82B17903700B711CF /* Exception.swift in Sources */ = {isa = PBXBuildFile; fileRef = 9608BCD72B17903700B711CF /* Exception.swift */; };
		9608BCDA2B17906200B711CF /* Termination.swift in Sources */ = {isa = PBXBuildFile; fileRef = 9608BCD92B17906200B711CF /* Termination.swift */; };
		9608BCDC2B17909C00B711CF /* OSFault.swift in Sources */ = {isa = PBXBuildFile; fileRef = 9608BCDB2B17909C00B711CF /* OSFault.swift */; };
		9608BCDE2B1790C200B711CF /* ASI.swift in Sources */ = {isa = PBXBuildFile; fileRef = 9608BCDD2B1790C200B711CF /* ASI.swift */; };
		9608BCE02B17916C00B711CF /* ThreadState.swift in Sources */ = {isa = PBXBuildFile; fileRef = 9608BCDF2B17916C00B711CF /* ThreadState.swift */; };
		9608BCE22B17918E00B711CF /* Register.swift in Sources */ = {isa = PBXBuildFile; fileRef = 9608BCE12B17918E00B711CF /* Register.swift */; };
		9608BCE42B17934E00B711CF /* SharedCache.swift in Sources */ = {isa = PBXBuildFile; fileRef = 9608BCE32B17934E00B711CF /* SharedCache.swift */; };
		9608BCE62B17939300B711CF /* LegacyThread.swift in Sources */ = {isa = PBXBuildFile; fileRef = 9608BCE52B17939300B711CF /* LegacyThread.swift */; };
		9608BCE82B1793A900B711CF /* LegacyInfo.swift in Sources */ = {isa = PBXBuildFile; fileRef = 9608BCE72B1793A900B711CF /* LegacyInfo.swift */; };
		9608BCEA2B1793F300B711CF /* Rollout.swift in Sources */ = {isa = PBXBuildFile; fileRef = 9608BCE92B1793F300B711CF /* Rollout.swift */; };
		9608BCEC2B17940B00B711CF /* FactorPackID.swift in Sources */ = {isa = PBXBuildFile; fileRef = 9608BCEB2B17940B00B711CF /* FactorPackID.swift */; };
		9608BCEE2B17945A00B711CF /* Experiment.swift in Sources */ = {isa = PBXBuildFile; fileRef = 9608BCED2B17945A00B711CF /* Experiment.swift */; };
		9608BCF02B17947E00B711CF /* TrialInfo.swift in Sources */ = {isa = PBXBuildFile; fileRef = 9608BCEF2B17947E00B711CF /* TrialInfo.swift */; };
/* End PBXBuildFile section */

/* Begin PBXCopyFilesBuildPhase section */
		9608BCB92B177AD900B711CF /* CopyFiles */ = {
			isa = PBXCopyFilesBuildPhase;
			buildActionMask = 2147483647;
			dstPath = /usr/share/man/man1/;
			dstSubfolderSpec = 0;
			files = (
			);
			runOnlyForDeploymentPostprocessing = 1;
		};
/* End PBXCopyFilesBuildPhase section */

/* Begin PBXFileReference section */
		9608BCBB2B177AD900B711CF /* ipssymb */ = {isa = PBXFileReference; explicitFileType = "compiled.mach-o.executable"; includeInIndex = 0; path = ipssymb; sourceTree = BUILT_PRODUCTS_DIR; };
		9608BCBE2B177AD900B711CF /* App.swift */ = {isa = PBXFileReference; lastKnownFileType = sourcecode.swift; path = App.swift; sourceTree = "<group>"; };
		9608BCC52B177AFF00B711CF /* Collection+.swift */ = {isa = PBXFileReference; lastKnownFileType = sourcecode.swift; path = "Collection+.swift"; sourceTree = "<group>"; };
		9608BCC72B177E5600B711CF /* Body.swift */ = {isa = PBXFileReference; lastKnownFileType = sourcecode.swift; path = Body.swift; sourceTree = "<group>"; };
		9608BCC92B177E6700B711CF /* Thread.swift */ = {isa = PBXFileReference; lastKnownFileType = sourcecode.swift; path = Thread.swift; sourceTree = "<group>"; };
		9608BCCB2B177F9300B711CF /* Frame.swift */ = {isa = PBXFileReference; lastKnownFileType = sourcecode.swift; path = Frame.swift; sourceTree = "<group>"; };
		9608BCCD2B17812800B711CF /* Image.swift */ = {isa = PBXFileReference; lastKnownFileType = sourcecode.swift; path = Image.swift; sourceTree = "<group>"; };
		9608BCCF2B178E7900B711CF /* OSVersion.swift */ = {isa = PBXFileReference; lastKnownFileType = sourcecode.swift; path = OSVersion.swift; sourceTree = "<group>"; };
		9608BCD12B178EFF00B711CF /* BundleInfo.swift */ = {isa = PBXFileReference; lastKnownFileType = sourcecode.swift; path = BundleInfo.swift; sourceTree = "<group>"; };
		9608BCD32B178F4400B711CF /* StoreInfo.swift */ = {isa = PBXFileReference; lastKnownFileType = sourcecode.swift; path = StoreInfo.swift; sourceTree = "<group>"; };
		9608BCD52B17900000B711CF /* InstructionByteStream.swift */ = {isa = PBXFileReference; lastKnownFileType = sourcecode.swift; path = InstructionByteStream.swift; sourceTree = "<group>"; };
		9608BCD72B17903700B711CF /* Exception.swift */ = {isa = PBXFileReference; lastKnownFileType = sourcecode.swift; path = Exception.swift; sourceTree = "<group>"; };
		9608BCD92B17906200B711CF /* Termination.swift */ = {isa = PBXFileReference; lastKnownFileType = sourcecode.swift; path = Termination.swift; sourceTree = "<group>"; };
		9608BCDB2B17909C00B711CF /* OSFault.swift */ = {isa = PBXFileReference; lastKnownFileType = sourcecode.swift; path = OSFault.swift; sourceTree = "<group>"; };
		9608BCDD2B1790C200B711CF /* ASI.swift */ = {isa = PBXFileReference; lastKnownFileType = sourcecode.swift; path = ASI.swift; sourceTree = "<group>"; };
		9608BCDF2B17916C00B711CF /* ThreadState.swift */ = {isa = PBXFileReference; lastKnownFileType = sourcecode.swift; path = ThreadState.swift; sourceTree = "<group>"; };
		9608BCE12B17918E00B711CF /* Register.swift */ = {isa = PBXFileReference; lastKnownFileType = sourcecode.swift; path = Register.swift; sourceTree = "<group>"; };
		9608BCE32B17934E00B711CF /* SharedCache.swift */ = {isa = PBXFileReference; lastKnownFileType = sourcecode.swift; path = SharedCache.swift; sourceTree = "<group>"; };
		9608BCE52B17939300B711CF /* LegacyThread.swift */ = {isa = PBXFileReference; lastKnownFileType = sourcecode.swift; path = LegacyThread.swift; sourceTree = "<group>"; };
		9608BCE72B1793A900B711CF /* LegacyInfo.swift */ = {isa = PBXFileReference; lastKnownFileType = sourcecode.swift; path = LegacyInfo.swift; sourceTree = "<group>"; };
		9608BCE92B1793F300B711CF /* Rollout.swift */ = {isa = PBXFileReference; lastKnownFileType = sourcecode.swift; path = Rollout.swift; sourceTree = "<group>"; };
		9608BCEB2B17940B00B711CF /* FactorPackID.swift */ = {isa = PBXFileReference; lastKnownFileType = sourcecode.swift; path = FactorPackID.swift; sourceTree = "<group>"; };
		9608BCED2B17945A00B711CF /* Experiment.swift */ = {isa = PBXFileReference; lastKnownFileType = sourcecode.swift; path = Experiment.swift; sourceTree = "<group>"; };
		9608BCEF2B17947E00B711CF /* TrialInfo.swift */ = {isa = PBXFileReference; lastKnownFileType = sourcecode.swift; path = TrialInfo.swift; sourceTree = "<group>"; };
/* End PBXFileReference section */

/* Begin PBXFrameworksBuildPhase section */
		9608BCB82B177AD900B711CF /* Frameworks */ = {
			isa = PBXFrameworksBuildPhase;
			buildActionMask = 2147483647;
			files = (
			);
			runOnlyForDeploymentPostprocessing = 0;
		};
/* End PBXFrameworksBuildPhase section */

/* Begin PBXGroup section */
		9608BCB22B177AD900B711CF = {
			isa = PBXGroup;
			children = (
				9608BCBD2B177AD900B711CF /* ipssymb */,
				9608BCBC2B177AD900B711CF /* Products */,
			);
			sourceTree = "<group>";
		};
		9608BCBC2B177AD900B711CF /* Products */ = {
			isa = PBXGroup;
			children = (
				9608BCBB2B177AD900B711CF /* ipssymb */,
			);
			name = Products;
			sourceTree = "<group>";
		};
		9608BCBD2B177AD900B711CF /* ipssymb */ = {
			isa = PBXGroup;
			children = (
				9608BCCD2B17812800B711CF /* Image.swift */,
				9608BCBE2B177AD900B711CF /* App.swift */,
				9608BCC72B177E5600B711CF /* Body.swift */,
				9608BCE92B1793F300B711CF /* Rollout.swift */,
				9608BCEB2B17940B00B711CF /* FactorPackID.swift */,
				9608BCED2B17945A00B711CF /* Experiment.swift */,
				9608BCEF2B17947E00B711CF /* TrialInfo.swift */,
				9608BCE52B17939300B711CF /* LegacyThread.swift */,
				9608BCE72B1793A900B711CF /* LegacyInfo.swift */,
				9608BCE32B17934E00B711CF /* SharedCache.swift */,
				9608BCDD2B1790C200B711CF /* ASI.swift */,
				9608BCDB2B17909C00B711CF /* OSFault.swift */,
				9608BCD92B17906200B711CF /* Termination.swift */,
				9608BCD72B17903700B711CF /* Exception.swift */,
				9608BCD52B17900000B711CF /* InstructionByteStream.swift */,
				9608BCD12B178EFF00B711CF /* BundleInfo.swift */,
				9608BCD32B178F4400B711CF /* StoreInfo.swift */,
				9608BCCF2B178E7900B711CF /* OSVersion.swift */,
				9608BCC92B177E6700B711CF /* Thread.swift */,
				9608BCDF2B17916C00B711CF /* ThreadState.swift */,
				9608BCE12B17918E00B711CF /* Register.swift */,
				9608BCCB2B177F9300B711CF /* Frame.swift */,
				9608BCC52B177AFF00B711CF /* Collection+.swift */,
			);
			path = ipssymb;
			sourceTree = "<group>";
		};
/* End PBXGroup section */

/* Begin PBXNativeTarget section */
		9608BCBA2B177AD900B711CF /* ipssymb */ = {
			isa = PBXNativeTarget;
			buildConfigurationList = 9608BCC22B177AD900B711CF /* Build configuration list for PBXNativeTarget "ipssymb" */;
			buildPhases = (
				9608BCB72B177AD900B711CF /* Sources */,
				9608BCB82B177AD900B711CF /* Frameworks */,
				9608BCB92B177AD900B711CF /* CopyFiles */,
			);
			buildRules = (
			);
			dependencies = (
			);
			name = ipssymb;
			productName = ipssymb;
			productReference = 9608BCBB2B177AD900B711CF /* ipssymb */;
			productType = "com.apple.product-type.tool";
		};
/* End PBXNativeTarget section */

/* Begin PBXProject section */
		9608BCB32B177AD900B711CF /* Project object */ = {
			isa = PBXProject;
			attributes = {
				BuildIndependentTargetsInParallel = 1;
				LastSwiftUpdateCheck = 1500;
				LastUpgradeCheck = 1500;
				TargetAttributes = {
					9608BCBA2B177AD900B711CF = {
						CreatedOnToolsVersion = 15.0.1;
					};
				};
			};
			buildConfigurationList = 9608BCB62B177AD900B711CF /* Build configuration list for PBXProject "ipssymb" */;
			compatibilityVersion = "Xcode 14.0";
			developmentRegion = en;
			hasScannedForEncodings = 0;
			knownRegions = (
				en,
				Base,
			);
			mainGroup = 9608BCB22B177AD900B711CF;
			productRefGroup = 9608BCBC2B177AD900B711CF /* Products */;
			projectDirPath = "";
			projectRoot = "";
			targets = (
				9608BCBA2B177AD900B711CF /* ipssymb */,
			);
		};
/* End PBXProject section */

/* Begin PBXSourcesBuildPhase section */
		9608BCB72B177AD900B711CF /* Sources */ = {
			isa = PBXSourcesBuildPhase;
			buildActionMask = 2147483647;
			files = (
				9608BCF02B17947E00B711CF /* TrialInfo.swift in Sources */,
				9608BCC82B177E5600B711CF /* Body.swift in Sources */,
				9608BCEA2B1793F300B711CF /* Rollout.swift in Sources */,
				9608BCD22B178EFF00B711CF /* BundleInfo.swift in Sources */,
				9608BCDA2B17906200B711CF /* Termination.swift in Sources */,
				9608BCCE2B17812800B711CF /* Image.swift in Sources */,
				9608BCE62B17939300B711CF /* LegacyThread.swift in Sources */,
				9608BCE82B1793A900B711CF /* LegacyInfo.swift in Sources */,
				9608BCBF2B177AD900B711CF /* App.swift in Sources */,
				9608BCD42B178F4400B711CF /* StoreInfo.swift in Sources */,
				9608BCCA2B177E6700B711CF /* Thread.swift in Sources */,
				9608BCC62B177AFF00B711CF /* Collection+.swift in Sources */,
				9608BCD82B17903700B711CF /* Exception.swift in Sources */,
				9608BCEC2B17940B00B711CF /* FactorPackID.swift in Sources */,
				9608BCDE2B1790C200B711CF /* ASI.swift in Sources */,
				9608BCCC2B177F9300B711CF /* Frame.swift in Sources */,
				9608BCD62B17900000B711CF /* InstructionByteStream.swift in Sources */,
				9608BCE02B17916C00B711CF /* ThreadState.swift in Sources */,
				9608BCDC2B17909C00B711CF /* OSFault.swift in Sources */,
				9608BCEE2B17945A00B711CF /* Experiment.swift in Sources */,
				9608BCE42B17934E00B711CF /* SharedCache.swift in Sources */,
				9608BCE22B17918E00B711CF /* Register.swift in Sources */,
				9608BCD02B178E7900B711CF /* OSVersion.swift in Sources */,
			);
			runOnlyForDeploymentPostprocessing = 0;
		};
/* End PBXSourcesBuildPhase section */

/* Begin XCBuildConfiguration section */
		9608BCC02B177AD900B711CF /* Debug */ = {
			isa = XCBuildConfiguration;
			buildSettings = {
				ALWAYS_SEARCH_USER_PATHS = NO;
				ASSETCATALOG_COMPILER_GENERATE_SWIFT_ASSET_SYMBOL_EXTENSIONS = YES;
				CLANG_ANALYZER_NONNULL = YES;
				CLANG_ANALYZER_NUMBER_OBJECT_CONVERSION = YES_AGGRESSIVE;
				CLANG_CXX_LANGUAGE_STANDARD = "gnu++20";
				CLANG_ENABLE_MODULES = YES;
				CLANG_ENABLE_OBJC_ARC = YES;
				CLANG_ENABLE_OBJC_WEAK = YES;
				CLANG_WARN_BLOCK_CAPTURE_AUTORELEASING = YES;
				CLANG_WARN_BOOL_CONVERSION = YES;
				CLANG_WARN_COMMA = YES;
				CLANG_WARN_CONSTANT_CONVERSION = YES;
				CLANG_WARN_DEPRECATED_OBJC_IMPLEMENTATIONS = YES;
				CLANG_WARN_DIRECT_OBJC_ISA_USAGE = YES_ERROR;
				CLANG_WARN_DOCUMENTATION_COMMENTS = YES;
				CLANG_WARN_EMPTY_BODY = YES;
				CLANG_WARN_ENUM_CONVERSION = YES;
				CLANG_WARN_INFINITE_RECURSION = YES;
				CLANG_WARN_INT_CONVERSION = YES;
				CLANG_WARN_NON_LITERAL_NULL_CONVERSION = YES;
				CLANG_WARN_OBJC_IMPLICIT_RETAIN_SELF = YES;
				CLANG_WARN_OBJC_LITERAL_CONVERSION = YES;
				CLANG_WARN_OBJC_ROOT_CLASS = YES_ERROR;
				CLANG_WARN_QUOTED_INCLUDE_IN_FRAMEWORK_HEADER = YES;
				CLANG_WARN_RANGE_LOOP_ANALYSIS = YES;
				CLANG_WARN_STRICT_PROTOTYPES = YES;
				CLANG_WARN_SUSPICIOUS_MOVE = YES;
				CLANG_WARN_UNGUARDED_AVAILABILITY = YES_AGGRESSIVE;
				CLANG_WARN_UNREACHABLE_CODE = YES;
				CLANG_WARN__DUPLICATE_METHOD_MATCH = YES;
				COPY_PHASE_STRIP = NO;
				DEBUG_INFORMATION_FORMAT = dwarf;
				ENABLE_STRICT_OBJC_MSGSEND = YES;
				ENABLE_TESTABILITY = YES;
				ENABLE_USER_SCRIPT_SANDBOXING = YES;
				GCC_C_LANGUAGE_STANDARD = gnu17;
				GCC_DYNAMIC_NO_PIC = NO;
				GCC_NO_COMMON_BLOCKS = YES;
				GCC_OPTIMIZATION_LEVEL = 0;
				GCC_PREPROCESSOR_DEFINITIONS = (
					"DEBUG=1",
					"$(inherited)",
				);
				GCC_WARN_64_TO_32_BIT_CONVERSION = YES;
				GCC_WARN_ABOUT_RETURN_TYPE = YES_ERROR;
				GCC_WARN_UNDECLARED_SELECTOR = YES;
				GCC_WARN_UNINITIALIZED_AUTOS = YES_AGGRESSIVE;
				GCC_WARN_UNUSED_FUNCTION = YES;
				GCC_WARN_UNUSED_VARIABLE = YES;
				LOCALIZATION_PREFERS_STRING_CATALOGS = YES;
				MACOSX_DEPLOYMENT_TARGET = 14.0;
				MTL_ENABLE_DEBUG_INFO = INCLUDE_SOURCE;
				MTL_FAST_MATH = YES;
				ONLY_ACTIVE_ARCH = YES;
				SDKROOT = macosx;
				SWIFT_ACTIVE_COMPILATION_CONDITIONS = "DEBUG $(inherited)";
				SWIFT_OPTIMIZATION_LEVEL = "-Onone";
			};
			name = Debug;
		};
		9608BCC12B177AD900B711CF /* Release */ = {
			isa = XCBuildConfiguration;
			buildSettings = {
				ALWAYS_SEARCH_USER_PATHS = NO;
				ASSETCATALOG_COMPILER_GENERATE_SWIFT_ASSET_SYMBOL_EXTENSIONS = YES;
				CLANG_ANALYZER_NONNULL = YES;
				CLANG_ANALYZER_NUMBER_OBJECT_CONVERSION = YES_AGGRESSIVE;
				CLANG_CXX_LANGUAGE_STANDARD = "gnu++20";
				CLANG_ENABLE_MODULES = YES;
				CLANG_ENABLE_OBJC_ARC = YES;
				CLANG_ENABLE_OBJC_WEAK = YES;
				CLANG_WARN_BLOCK_CAPTURE_AUTORELEASING = YES;
				CLANG_WARN_BOOL_CONVERSION = YES;
				CLANG_WARN_COMMA = YES;
				CLANG_WARN_CONSTANT_CONVERSION = YES;
				CLANG_WARN_DEPRECATED_OBJC_IMPLEMENTATIONS = YES;
				CLANG_WARN_DIRECT_OBJC_ISA_USAGE = YES_ERROR;
				CLANG_WARN_DOCUMENTATION_COMMENTS = YES;
				CLANG_WARN_EMPTY_BODY = YES;
				CLANG_WARN_ENUM_CONVERSION = YES;
				CLANG_WARN_INFINITE_RECURSION = YES;
				CLANG_WARN_INT_CONVERSION = YES;
				CLANG_WARN_NON_LITERAL_NULL_CONVERSION = YES;
				CLANG_WARN_OBJC_IMPLICIT_RETAIN_SELF = YES;
				CLANG_WARN_OBJC_LITERAL_CONVERSION = YES;
				CLANG_WARN_OBJC_ROOT_CLASS = YES_ERROR;
				CLANG_WARN_QUOTED_INCLUDE_IN_FRAMEWORK_HEADER = YES;
				CLANG_WARN_RANGE_LOOP_ANALYSIS = YES;
				CLANG_WARN_STRICT_PROTOTYPES = YES;
				CLANG_WARN_SUSPICIOUS_MOVE = YES;
				CLANG_WARN_UNGUARDED_AVAILABILITY = YES_AGGRESSIVE;
				CLANG_WARN_UNREACHABLE_CODE = YES;
				CLANG_WARN__DUPLICATE_METHOD_MATCH = YES;
				COPY_PHASE_STRIP = NO;
				DEBUG_INFORMATION_FORMAT = "dwarf-with-dsym";
				ENABLE_NS_ASSERTIONS = NO;
				ENABLE_STRICT_OBJC_MSGSEND = YES;
				ENABLE_USER_SCRIPT_SANDBOXING = YES;
				GCC_C_LANGUAGE_STANDARD = gnu17;
				GCC_NO_COMMON_BLOCKS = YES;
				GCC_WARN_64_TO_32_BIT_CONVERSION = YES;
				GCC_WARN_ABOUT_RETURN_TYPE = YES_ERROR;
				GCC_WARN_UNDECLARED_SELECTOR = YES;
				GCC_WARN_UNINITIALIZED_AUTOS = YES_AGGRESSIVE;
				GCC_WARN_UNUSED_FUNCTION = YES;
				GCC_WARN_UNUSED_VARIABLE = YES;
				LOCALIZATION_PREFERS_STRING_CATALOGS = YES;
				MACOSX_DEPLOYMENT_TARGET = 14.0;
				MTL_ENABLE_DEBUG_INFO = NO;
				MTL_FAST_MATH = YES;
				SDKROOT = macosx;
				SWIFT_COMPILATION_MODE = wholemodule;
			};
			name = Release;
		};
		9608BCC32B177AD900B711CF /* Debug */ = {
			isa = XCBuildConfiguration;
			buildSettings = {
				CODE_SIGN_STYLE = Automatic;
				DEVELOPMENT_TEAM = H5R82ZFKSP;
				ENABLE_HARDENED_RUNTIME = YES;
				PRODUCT_NAME = "$(TARGET_NAME)";
				SWIFT_VERSION = 5.0;
			};
			name = Debug;
		};
		9608BCC42B177AD900B711CF /* Release */ = {
			isa = XCBuildConfiguration;
			buildSettings = {
				CODE_SIGN_STYLE = Automatic;
				DEVELOPMENT_TEAM = H5R82ZFKSP;
				ENABLE_HARDENED_RUNTIME = YES;
				PRODUCT_NAME = "$(TARGET_NAME)";
				SWIFT_VERSION = 5.0;
			};
			name = Release;
		};
/* End XCBuildConfiguration section */

/* Begin XCConfigurationList section */
		9608BCB62B177AD900B711CF /* Build configuration list for PBXProject "ipssymb" */ = {
			isa = XCConfigurationList;
			buildConfigurations = (
				9608BCC02B177AD900B711CF /* Debug */,
				9608BCC12B177AD900B711CF /* Release */,
			);
			defaultConfigurationIsVisible = 0;
			defaultConfigurationName = Release;
		};
		9608BCC22B177AD900B711CF /* Build configuration list for PBXNativeTarget "ipssymb" */ = {
			isa = XCConfigurationList;
			buildConfigurations = (
				9608BCC32B177AD900B711CF /* Debug */,
				9608BCC42B177AD900B711CF /* Release */,
			);
			defaultConfigurationIsVisible = 0;
			defaultConfigurationName = Release;
		};
/* End XCConfigurationList section */
	};
	rootObject = 9608BCB32B177AD900B711CF /* Project object */;
}
